
Microsoft Visual Studio Solution File, Format Version 12.00
# Visual Studio Version 17
VisualStudioVersion = 17.5.002.0
MinimumVisualStudioVersion = 10.0.40219.1
Project("{9A19103F-16F7-4668-BE54-9A1E7A4F7556}") = "Grifo", "Grifo.csproj", "{69132FEE-011B-4A62-8F80-29EB1DF61964}"
EndProject
Global
	GlobalSection(SolutionConfigurationPlatforms) = preSolution
		Debug|Any CPU = Debug|Any CPU
		Release|Any CPU = Release|Any CPU
	EndGlobalSection
	GlobalSection(ProjectConfigurationPlatforms) = postSolution
		{69132FEE-011B-4A62-8F80-29EB1DF61964}.Debug|Any CPU.ActiveCfg = Debug|Any CPU
		{69132FEE-011B-4A62-8F80-29EB1DF61964}.Debug|Any CPU.Build.0 = Debug|Any CPU
		{69132FEE-011B-4A62-8F80-29EB1DF61964}.Release|Any CPU.ActiveCfg = Release|Any CPU
		{69132FEE-011B-4A62-8F80-29EB1DF61964}.Release|Any CPU.Build.0 = Release|Any CPU
	EndGlobalSection
	GlobalSection(SolutionProperties) = preSolution
		HideSolutionNode = FALSE
	EndGlobalSection
	GlobalSection(ExtensibilityGlobals) = postSolution
		SolutionGuid = {3EEC00C0-218D-4671-9EF4-6491C9E5E586}
	EndGlobalSection
EndGlobal
